
Microsoft Visual Studio Solution File, Format Version 12.00
# Visual Studio Version 17
VisualStudioVersion = 17.11.35312.102
MinimumVisualStudioVersion = 10.0.40219.1
Project("{FAE04EC0-301F-11D3-BF4B-00C04F79EFBC}") = "ConsoleAppNumber", "ConsoleAppNumber.csproj", "{1257E735-396C-4113-9EFF-03DCC556B044}"
EndProject
Global
	GlobalSection(SolutionConfigurationPlatforms) = preSolution
		Debug|Any CPU = Debug|Any CPU
		Release|Any CPU = Release|Any CPU
	EndGlobalSection
	GlobalSection(ProjectConfigurationPlatforms) = postSolution
		{1257E735-396C-4113-9EFF-03DCC556B044}.Debug|Any CPU.ActiveCfg = Debug|Any CPU
		{1257E735-396C-4113-9EFF-03DCC556B044}.Debug|Any CPU.Build.0 = Debug|Any CPU
		{1257E735-396C-4113-9EFF-03DCC556B044}.Release|Any CPU.ActiveCfg = Release|Any CPU
		{1257E735-396C-4113-9EFF-03DCC556B044}.Release|Any CPU.Build.0 = Release|Any CPU
	EndGlobalSection
	GlobalSection(SolutionProperties) = preSolution
		HideSolutionNode = FALSE
	EndGlobalSection
	GlobalSection(ExtensibilityGlobals) = postSolution
		SolutionGuid = {B490F7AF-156B-4B4A-A4C1-D4AF99612E7D}
	EndGlobalSection
EndGlobal
