
Microsoft Visual Studio Solution File, Format Version 12.00
# Visual Studio Version 17
VisualStudioVersion = 17.11.35327.3
MinimumVisualStudioVersion = 10.0.40219.1
Project("{FAE04EC0-301F-11D3-BF4B-00C04F79EFBC}") = "ConsoleAppDynamic", "ConsoleAppDynamic.csproj", "{9651FCA2-C1FA-4970-9647-0ADB43F228EC}"
EndProject
Global
	GlobalSection(SolutionConfigurationPlatforms) = preSolution
		Debug|Any CPU = Debug|Any CPU
		Release|Any CPU = Release|Any CPU
	EndGlobalSection
	GlobalSection(ProjectConfigurationPlatforms) = postSolution
		{9651FCA2-C1FA-4970-9647-0ADB43F228EC}.Debug|Any CPU.ActiveCfg = Debug|Any CPU
		{9651FCA2-C1FA-4970-9647-0ADB43F228EC}.Debug|Any CPU.Build.0 = Debug|Any CPU
		{9651FCA2-C1FA-4970-9647-0ADB43F228EC}.Release|Any CPU.ActiveCfg = Release|Any CPU
		{9651FCA2-C1FA-4970-9647-0ADB43F228EC}.Release|Any CPU.Build.0 = Release|Any CPU
	EndGlobalSection
	GlobalSection(SolutionProperties) = preSolution
		HideSolutionNode = FALSE
	EndGlobalSection
	GlobalSection(ExtensibilityGlobals) = postSolution
		SolutionGuid = {4FC67BB0-09A1-49E5-9415-E7139EE02354}
	EndGlobalSection
EndGlobal
